// !$*UTF8*$!
{
	archiveVersion = 1;
	classes = {
	};
	objectVersion = 55;
	objects = {

/* Begin PBXBuildFile section */
		156B731F27FFA07100085E5D /* AppDelegate.swift in Sources */ = {isa = PBXBuildFile; fileRef = 156B731E27FFA07100085E5D /* AppDelegate.swift */; };
		156B732127FFA07100085E5D /* SceneDelegate.swift in Sources */ = {isa = PBXBuildFile; fileRef = 156B732027FFA07100085E5D /* SceneDelegate.swift */; };
		156B732827FFA07200085E5D /* Assets.xcassets in Resources */ = {isa = PBXBuildFile; fileRef = 156B732727FFA07200085E5D /* Assets.xcassets */; };
		156B732B27FFA07200085E5D /* LaunchScreen.storyboard in Resources */ = {isa = PBXBuildFile; fileRef = 156B732927FFA07200085E5D /* LaunchScreen.storyboard */; };
		156B733627FFA07200085E5D /* MVVM_CTests.swift in Sources */ = {isa = PBXBuildFile; fileRef = 156B733527FFA07200085E5D /* MVVM_CTests.swift */; };
		156B734027FFA07200085E5D /* MVVM_CUITests.swift in Sources */ = {isa = PBXBuildFile; fileRef = 156B733F27FFA07200085E5D /* MVVM_CUITests.swift */; };
		156B734227FFA07200085E5D /* MVVM_CUITestsLaunchTests.swift in Sources */ = {isa = PBXBuildFile; fileRef = 156B734127FFA07200085E5D /* MVVM_CUITestsLaunchTests.swift */; };
		15B093EE27FFAC7700A54E13 /* LeaguesViewController.swift in Sources */ = {isa = PBXBuildFile; fileRef = 15B093ED27FFAC7700A54E13 /* LeaguesViewController.swift */; };
		15B093F027FFAC8600A54E13 /* TeamsViewController.swift in Sources */ = {isa = PBXBuildFile; fileRef = 15B093EF27FFAC8600A54E13 /* TeamsViewController.swift */; };
		15B093F227FFAC8B00A54E13 /* TeamViewController.swift in Sources */ = {isa = PBXBuildFile; fileRef = 15B093F127FFAC8B00A54E13 /* TeamViewController.swift */; };
		15B093F527FFACAA00A54E13 /* LeagueCell.swift in Sources */ = {isa = PBXBuildFile; fileRef = 15B093F327FFACAA00A54E13 /* LeagueCell.swift */; };
		15B093F627FFACAA00A54E13 /* LeagueCell.xib in Resources */ = {isa = PBXBuildFile; fileRef = 15B093F427FFACAA00A54E13 /* LeagueCell.xib */; };
		15B0944E27FFB3A000A54E13 /* Leagues.storyboard in Resources */ = {isa = PBXBuildFile; fileRef = 15B0944D27FFB3A000A54E13 /* Leagues.storyboard */; };
		15B0945227FFB3FF00A54E13 /* Team.storyboard in Resources */ = {isa = PBXBuildFile; fileRef = 15B0945127FFB3FF00A54E13 /* Team.storyboard */; };
		15B0945427FFB40C00A54E13 /* Teams.storyboard in Resources */ = {isa = PBXBuildFile; fileRef = 15B0945327FFB40C00A54E13 /* Teams.storyboard */; };
		15B0945727FFB56500A54E13 /* Coordinator.swift in Sources */ = {isa = PBXBuildFile; fileRef = 15B0945627FFB56500A54E13 /* Coordinator.swift */; };
		15B0945A27FFB5E700A54E13 /* AppCoordinator.swift in Sources */ = {isa = PBXBuildFile; fileRef = 15B0945927FFB5E700A54E13 /* AppCoordinator.swift */; };
		15B0945C27FFB6EF00A54E13 /* Views.swift in Sources */ = {isa = PBXBuildFile; fileRef = 15B0945B27FFB6EF00A54E13 /* Views.swift */; };
		15B0945E27FFB90D00A54E13 /* LeaguesViewModel.swift in Sources */ = {isa = PBXBuildFile; fileRef = 15B0945D27FFB90D00A54E13 /* LeaguesViewModel.swift */; };
		15B0946027FFC1E600A54E13 /* LeagueView.swift in Sources */ = {isa = PBXBuildFile; fileRef = 15B0945F27FFC1E600A54E13 /* LeagueView.swift */; };
		15B094622801A95D00A54E13 /* Constants.swift in Sources */ = {isa = PBXBuildFile; fileRef = 15B094612801A95D00A54E13 /* Constants.swift */; };
		15B094642801A9A800A54E13 /* Reachability.swift in Sources */ = {isa = PBXBuildFile; fileRef = 15B094632801A9A800A54E13 /* Reachability.swift */; };
		15B0946A2801ABBF00A54E13 /* ApiManager.swift in Sources */ = {isa = PBXBuildFile; fileRef = 15B094692801ABBF00A54E13 /* ApiManager.swift */; };
		15B0946C2801AF7F00A54E13 /* NetworkRequest.swift in Sources */ = {isa = PBXBuildFile; fileRef = 15B0946B2801AF7F00A54E13 /* NetworkRequest.swift */; };
		15B094732801B0CC00A54E13 /* CurrentSeason.swift in Sources */ = {isa = PBXBuildFile; fileRef = 15B0946E2801B0CB00A54E13 /* CurrentSeason.swift */; };
		15B094742801B0CC00A54E13 /* CompetitionsResponse.swift in Sources */ = {isa = PBXBuildFile; fileRef = 15B0946F2801B0CB00A54E13 /* CompetitionsResponse.swift */; };
		15B094752801B0CC00A54E13 /* Area.swift in Sources */ = {isa = PBXBuildFile; fileRef = 15B094702801B0CB00A54E13 /* Area.swift */; };
		15B094762801B0CC00A54E13 /* Competition.swift in Sources */ = {isa = PBXBuildFile; fileRef = 15B094712801B0CB00A54E13 /* Competition.swift */; };
		5139EBDDFFB5D47F01003BBA /* Pods_MVVM_C.framework in Frameworks */ = {isa = PBXBuildFile; fileRef = 46118201982173E768E299E8 /* Pods_MVVM_C.framework */; };
		9206831DEF48A6DD8956ACAD /* Pods_MVVM_CTests.framework in Frameworks */ = {isa = PBXBuildFile; fileRef = 4AC4ADFE104EF628063E4BBD /* Pods_MVVM_CTests.framework */; };
		F1DC3EA46194463415A504CA /* Pods_MVVM_C_MVVM_CUITests.framework in Frameworks */ = {isa = PBXBuildFile; fileRef = 969EDBCF0EB181FD73453AB0 /* Pods_MVVM_C_MVVM_CUITests.framework */; };
/* End PBXBuildFile section */

/* Begin PBXContainerItemProxy section */
		156B733227FFA07200085E5D /* PBXContainerItemProxy */ = {
			isa = PBXContainerItemProxy;
			containerPortal = 156B731327FFA07100085E5D /* Project object */;
			proxyType = 1;
			remoteGlobalIDString = 156B731A27FFA07100085E5D;
			remoteInfo = "MVVM-C";
		};
		156B733C27FFA07200085E5D /* PBXContainerItemProxy */ = {
			isa = PBXContainerItemProxy;
			containerPortal = 156B731327FFA07100085E5D /* Project object */;
			proxyType = 1;
			remoteGlobalIDString = 156B731A27FFA07100085E5D;
			remoteInfo = "MVVM-C";
		};
/* End PBXContainerItemProxy section */

/* Begin PBXFileReference section */
		156B731B27FFA07100085E5D /* MVVM-C.app */ = {isa = PBXFileReference; explicitFileType = wrapper.application; includeInIndex = 0; path = "MVVM-C.app"; sourceTree = BUILT_PRODUCTS_DIR; };
		156B731E27FFA07100085E5D /* AppDelegate.swift */ = {isa = PBXFileReference; lastKnownFileType = sourcecode.swift; path = AppDelegate.swift; sourceTree = "<group>"; };
		156B732027FFA07100085E5D /* SceneDelegate.swift */ = {isa = PBXFileReference; lastKnownFileType = sourcecode.swift; path = SceneDelegate.swift; sourceTree = "<group>"; };
		156B732727FFA07200085E5D /* Assets.xcassets */ = {isa = PBXFileReference; lastKnownFileType = folder.assetcatalog; path = Assets.xcassets; sourceTree = "<group>"; };
		156B732A27FFA07200085E5D /* Base */ = {isa = PBXFileReference; lastKnownFileType = file.storyboard; name = Base; path = Base.lproj/LaunchScreen.storyboard; sourceTree = "<group>"; };
		156B732C27FFA07200085E5D /* Info.plist */ = {isa = PBXFileReference; lastKnownFileType = text.plist.xml; path = Info.plist; sourceTree = "<group>"; };
		156B733127FFA07200085E5D /* MVVM-CTests.xctest */ = {isa = PBXFileReference; explicitFileType = wrapper.cfbundle; includeInIndex = 0; path = "MVVM-CTests.xctest"; sourceTree = BUILT_PRODUCTS_DIR; };
		156B733527FFA07200085E5D /* MVVM_CTests.swift */ = {isa = PBXFileReference; lastKnownFileType = sourcecode.swift; path = MVVM_CTests.swift; sourceTree = "<group>"; };
		156B733B27FFA07200085E5D /* MVVM-CUITests.xctest */ = {isa = PBXFileReference; explicitFileType = wrapper.cfbundle; includeInIndex = 0; path = "MVVM-CUITests.xctest"; sourceTree = BUILT_PRODUCTS_DIR; };
		156B733F27FFA07200085E5D /* MVVM_CUITests.swift */ = {isa = PBXFileReference; lastKnownFileType = sourcecode.swift; path = MVVM_CUITests.swift; sourceTree = "<group>"; };
		156B734127FFA07200085E5D /* MVVM_CUITestsLaunchTests.swift */ = {isa = PBXFileReference; lastKnownFileType = sourcecode.swift; path = MVVM_CUITestsLaunchTests.swift; sourceTree = "<group>"; };
		15B093ED27FFAC7700A54E13 /* LeaguesViewController.swift */ = {isa = PBXFileReference; fileEncoding = 4; lastKnownFileType = sourcecode.swift; path = LeaguesViewController.swift; sourceTree = "<group>"; };
		15B093EF27FFAC8600A54E13 /* TeamsViewController.swift */ = {isa = PBXFileReference; fileEncoding = 4; lastKnownFileType = sourcecode.swift; path = TeamsViewController.swift; sourceTree = "<group>"; };
		15B093F127FFAC8B00A54E13 /* TeamViewController.swift */ = {isa = PBXFileReference; fileEncoding = 4; lastKnownFileType = sourcecode.swift; path = TeamViewController.swift; sourceTree = "<group>"; };
		15B093F327FFACAA00A54E13 /* LeagueCell.swift */ = {isa = PBXFileReference; lastKnownFileType = sourcecode.swift; path = LeagueCell.swift; sourceTree = "<group>"; };
		15B093F427FFACAA00A54E13 /* LeagueCell.xib */ = {isa = PBXFileReference; lastKnownFileType = file.xib; path = LeagueCell.xib; sourceTree = "<group>"; };
		15B0944D27FFB3A000A54E13 /* Leagues.storyboard */ = {isa = PBXFileReference; lastKnownFileType = file.storyboard; path = Leagues.storyboard; sourceTree = "<group>"; };
		15B0945127FFB3FF00A54E13 /* Team.storyboard */ = {isa = PBXFileReference; lastKnownFileType = file.storyboard; path = Team.storyboard; sourceTree = "<group>"; };
		15B0945327FFB40C00A54E13 /* Teams.storyboard */ = {isa = PBXFileReference; lastKnownFileType = file.storyboard; path = Teams.storyboard; sourceTree = "<group>"; };
		15B0945627FFB56500A54E13 /* Coordinator.swift */ = {isa = PBXFileReference; lastKnownFileType = sourcecode.swift; path = Coordinator.swift; sourceTree = "<group>"; };
		15B0945927FFB5E700A54E13 /* AppCoordinator.swift */ = {isa = PBXFileReference; lastKnownFileType = sourcecode.swift; path = AppCoordinator.swift; sourceTree = "<group>"; };
		15B0945B27FFB6EF00A54E13 /* Views.swift */ = {isa = PBXFileReference; lastKnownFileType = sourcecode.swift; path = Views.swift; sourceTree = "<group>"; };
		15B0945D27FFB90D00A54E13 /* LeaguesViewModel.swift */ = {isa = PBXFileReference; lastKnownFileType = sourcecode.swift; path = LeaguesViewModel.swift; sourceTree = "<group>"; };
		15B0945F27FFC1E600A54E13 /* LeagueView.swift */ = {isa = PBXFileReference; lastKnownFileType = sourcecode.swift; path = LeagueView.swift; sourceTree = "<group>"; };
		15B094612801A95D00A54E13 /* Constants.swift */ = {isa = PBXFileReference; lastKnownFileType = sourcecode.swift; path = Constants.swift; sourceTree = "<group>"; };
		15B094632801A9A800A54E13 /* Reachability.swift */ = {isa = PBXFileReference; lastKnownFileType = sourcecode.swift; path = Reachability.swift; sourceTree = "<group>"; };
		15B094692801ABBF00A54E13 /* ApiManager.swift */ = {isa = PBXFileReference; lastKnownFileType = sourcecode.swift; path = ApiManager.swift; sourceTree = "<group>"; };
		15B0946B2801AF7F00A54E13 /* NetworkRequest.swift */ = {isa = PBXFileReference; fileEncoding = 4; lastKnownFileType = sourcecode.swift; path = NetworkRequest.swift; sourceTree = "<group>"; };
		15B0946E2801B0CB00A54E13 /* CurrentSeason.swift */ = {isa = PBXFileReference; fileEncoding = 4; lastKnownFileType = sourcecode.swift; path = CurrentSeason.swift; sourceTree = "<group>"; };
		15B0946F2801B0CB00A54E13 /* CompetitionsResponse.swift */ = {isa = PBXFileReference; fileEncoding = 4; lastKnownFileType = sourcecode.swift; path = CompetitionsResponse.swift; sourceTree = "<group>"; };
		15B094702801B0CB00A54E13 /* Area.swift */ = {isa = PBXFileReference; fileEncoding = 4; lastKnownFileType = sourcecode.swift; path = Area.swift; sourceTree = "<group>"; };
		15B094712801B0CB00A54E13 /* Competition.swift */ = {isa = PBXFileReference; fileEncoding = 4; lastKnownFileType = sourcecode.swift; path = Competition.swift; sourceTree = "<group>"; };
		417064BBFF54A2727CEA8C04 /* Pods-MVVM-C-MVVM-CUITests.debug.xcconfig */ = {isa = PBXFileReference; includeInIndex = 1; lastKnownFileType = text.xcconfig; name = "Pods-MVVM-C-MVVM-CUITests.debug.xcconfig"; path = "Target Support Files/Pods-MVVM-C-MVVM-CUITests/Pods-MVVM-C-MVVM-CUITests.debug.xcconfig"; sourceTree = "<group>"; };
		46118201982173E768E299E8 /* Pods_MVVM_C.framework */ = {isa = PBXFileReference; explicitFileType = wrapper.framework; includeInIndex = 0; path = Pods_MVVM_C.framework; sourceTree = BUILT_PRODUCTS_DIR; };
		4AC4ADFE104EF628063E4BBD /* Pods_MVVM_CTests.framework */ = {isa = PBXFileReference; explicitFileType = wrapper.framework; includeInIndex = 0; path = Pods_MVVM_CTests.framework; sourceTree = BUILT_PRODUCTS_DIR; };
		604CD811CFBBFA0F724EE09E /* Pods-MVVM-C.debug.xcconfig */ = {isa = PBXFileReference; includeInIndex = 1; lastKnownFileType = text.xcconfig; name = "Pods-MVVM-C.debug.xcconfig"; path = "Target Support Files/Pods-MVVM-C/Pods-MVVM-C.debug.xcconfig"; sourceTree = "<group>"; };
		6F9C44783C6C1C6B8A715CDF /* Pods-MVVM-CTests.debug.xcconfig */ = {isa = PBXFileReference; includeInIndex = 1; lastKnownFileType = text.xcconfig; name = "Pods-MVVM-CTests.debug.xcconfig"; path = "Target Support Files/Pods-MVVM-CTests/Pods-MVVM-CTests.debug.xcconfig"; sourceTree = "<group>"; };
		969EDBCF0EB181FD73453AB0 /* Pods_MVVM_C_MVVM_CUITests.framework */ = {isa = PBXFileReference; explicitFileType = wrapper.framework; includeInIndex = 0; path = Pods_MVVM_C_MVVM_CUITests.framework; sourceTree = BUILT_PRODUCTS_DIR; };
		A48FF0EDA1D0821CBF7EC4E3 /* Pods-MVVM-C-MVVM-CUITests.release.xcconfig */ = {isa = PBXFileReference; includeInIndex = 1; lastKnownFileType = text.xcconfig; name = "Pods-MVVM-C-MVVM-CUITests.release.xcconfig"; path = "Target Support Files/Pods-MVVM-C-MVVM-CUITests/Pods-MVVM-C-MVVM-CUITests.release.xcconfig"; sourceTree = "<group>"; };
		D4D20E41028E40198B27BC57 /* Pods-MVVM-CTests.release.xcconfig */ = {isa = PBXFileReference; includeInIndex = 1; lastKnownFileType = text.xcconfig; name = "Pods-MVVM-CTests.release.xcconfig"; path = "Target Support Files/Pods-MVVM-CTests/Pods-MVVM-CTests.release.xcconfig"; sourceTree = "<group>"; };
		F7F1AE0CD3F8EB7CFD04C3DC /* Pods-MVVM-C.release.xcconfig */ = {isa = PBXFileReference; includeInIndex = 1; lastKnownFileType = text.xcconfig; name = "Pods-MVVM-C.release.xcconfig"; path = "Target Support Files/Pods-MVVM-C/Pods-MVVM-C.release.xcconfig"; sourceTree = "<group>"; };
/* End PBXFileReference section */

/* Begin PBXFrameworksBuildPhase section */
		156B731827FFA07100085E5D /* Frameworks */ = {
			isa = PBXFrameworksBuildPhase;
			buildActionMask = 2147483647;
			files = (
				5139EBDDFFB5D47F01003BBA /* Pods_MVVM_C.framework in Frameworks */,
			);
			runOnlyForDeploymentPostprocessing = 0;
		};
		156B732E27FFA07200085E5D /* Frameworks */ = {
			isa = PBXFrameworksBuildPhase;
			buildActionMask = 2147483647;
			files = (
				9206831DEF48A6DD8956ACAD /* Pods_MVVM_CTests.framework in Frameworks */,
			);
			runOnlyForDeploymentPostprocessing = 0;
		};
		156B733827FFA07200085E5D /* Frameworks */ = {
			isa = PBXFrameworksBuildPhase;
			buildActionMask = 2147483647;
			files = (
				F1DC3EA46194463415A504CA /* Pods_MVVM_C_MVVM_CUITests.framework in Frameworks */,
			);
			runOnlyForDeploymentPostprocessing = 0;
		};
/* End PBXFrameworksBuildPhase section */

/* Begin PBXGroup section */
		126379062663DDC656958568 /* Pods */ = {
			isa = PBXGroup;
			children = (
				604CD811CFBBFA0F724EE09E /* Pods-MVVM-C.debug.xcconfig */,
				F7F1AE0CD3F8EB7CFD04C3DC /* Pods-MVVM-C.release.xcconfig */,
				417064BBFF54A2727CEA8C04 /* Pods-MVVM-C-MVVM-CUITests.debug.xcconfig */,
				A48FF0EDA1D0821CBF7EC4E3 /* Pods-MVVM-C-MVVM-CUITests.release.xcconfig */,
				6F9C44783C6C1C6B8A715CDF /* Pods-MVVM-CTests.debug.xcconfig */,
				D4D20E41028E40198B27BC57 /* Pods-MVVM-CTests.release.xcconfig */,
			);
			path = Pods;
			sourceTree = "<group>";
		};
		156B731227FFA07100085E5D = {
			isa = PBXGroup;
			children = (
				156B731D27FFA07100085E5D /* MVVM-C */,
				156B733427FFA07200085E5D /* MVVM-CTests */,
				156B733E27FFA07200085E5D /* MVVM-CUITests */,
				156B731C27FFA07100085E5D /* Products */,
				126379062663DDC656958568 /* Pods */,
				A6652D60327244A09F49A3DA /* Frameworks */,
			);
			sourceTree = "<group>";
		};
		156B731C27FFA07100085E5D /* Products */ = {
			isa = PBXGroup;
			children = (
				156B731B27FFA07100085E5D /* MVVM-C.app */,
				156B733127FFA07200085E5D /* MVVM-CTests.xctest */,
				156B733B27FFA07200085E5D /* MVVM-CUITests.xctest */,
			);
			name = Products;
			sourceTree = "<group>";
		};
		156B731D27FFA07100085E5D /* MVVM-C */ = {
			isa = PBXGroup;
			children = (
				15B094682801ABB800A54E13 /* Networking */,
				15B0945527FFB55C00A54E13 /* Helpers */,
				15B093B627FFAB3D00A54E13 /* Modules */,
				15B0944B27FFB31400A54E13 /* Supporting Files */,
			);
			path = "MVVM-C";
			sourceTree = "<group>";
		};
		156B733427FFA07200085E5D /* MVVM-CTests */ = {
			isa = PBXGroup;
			children = (
				156B733527FFA07200085E5D /* MVVM_CTests.swift */,
			);
			path = "MVVM-CTests";
			sourceTree = "<group>";
		};
		156B733E27FFA07200085E5D /* MVVM-CUITests */ = {
			isa = PBXGroup;
			children = (
				156B733F27FFA07200085E5D /* MVVM_CUITests.swift */,
				156B734127FFA07200085E5D /* MVVM_CUITestsLaunchTests.swift */,
			);
			path = "MVVM-CUITests";
			sourceTree = "<group>";
		};
		15B093B627FFAB3D00A54E13 /* Modules */ = {
			isa = PBXGroup;
			children = (
				15B093DB27FFAC6400A54E13 /* Leagues */,
				15B093E127FFAC6400A54E13 /* Teams */,
				15B093E727FFAC6400A54E13 /* Team */,
			);
			path = Modules;
			sourceTree = "<group>";
		};
		15B093DB27FFAC6400A54E13 /* Leagues */ = {
			isa = PBXGroup;
			children = (
				15B093DD27FFAC6400A54E13 /* Models */,
				15B093DE27FFAC6400A54E13 /* Views */,
				15B093DC27FFAC6400A54E13 /* ViewModels */,
			);
			path = Leagues;
			sourceTree = "<group>";
		};
		15B093DC27FFAC6400A54E13 /* ViewModels */ = {
			isa = PBXGroup;
			children = (
				15B0945D27FFB90D00A54E13 /* LeaguesViewModel.swift */,
			);
			path = ViewModels;
			sourceTree = "<group>";
		};
		15B093DD27FFAC6400A54E13 /* Models */ = {
			isa = PBXGroup;
			children = (
				15B0946D2801B0CB00A54E13 /* Competitions */,
			);
			path = Models;
			sourceTree = "<group>";
		};
		15B093DE27FFAC6400A54E13 /* Views */ = {
			isa = PBXGroup;
			children = (
				15B0944C27FFB36100A54E13 /* StoryBoard */,
				15B093DF27FFAC6400A54E13 /* Cells */,
				15B093E027FFAC6400A54E13 /* Controllers */,
			);
			path = Views;
			sourceTree = "<group>";
		};
		15B093DF27FFAC6400A54E13 /* Cells */ = {
			isa = PBXGroup;
			children = (
				15B093F327FFACAA00A54E13 /* LeagueCell.swift */,
				15B093F427FFACAA00A54E13 /* LeagueCell.xib */,
			);
			path = Cells;
			sourceTree = "<group>";
		};
		15B093E027FFAC6400A54E13 /* Controllers */ = {
			isa = PBXGroup;
			children = (
				15B093ED27FFAC7700A54E13 /* LeaguesViewController.swift */,
				15B0945F27FFC1E600A54E13 /* LeagueView.swift */,
			);
			path = Controllers;
			sourceTree = "<group>";
		};
		15B093E127FFAC6400A54E13 /* Teams */ = {
			isa = PBXGroup;
			children = (
				15B093E227FFAC6400A54E13 /* ViewModels */,
				15B093E327FFAC6400A54E13 /* Models */,
				15B093E427FFAC6400A54E13 /* Views */,
			);
			path = Teams;
			sourceTree = "<group>";
		};
		15B093E227FFAC6400A54E13 /* ViewModels */ = {
			isa = PBXGroup;
			children = (
			);
			path = ViewModels;
			sourceTree = "<group>";
		};
		15B093E327FFAC6400A54E13 /* Models */ = {
			isa = PBXGroup;
			children = (
			);
			path = Models;
			sourceTree = "<group>";
		};
		15B093E427FFAC6400A54E13 /* Views */ = {
			isa = PBXGroup;
			children = (
				15B0945027FFB3F700A54E13 /* StoryBoard */,
				15B093E527FFAC6400A54E13 /* Cells */,
				15B093E627FFAC6400A54E13 /* Controllers */,
			);
			path = Views;
			sourceTree = "<group>";
		};
		15B093E527FFAC6400A54E13 /* Cells */ = {
			isa = PBXGroup;
			children = (
			);
			path = Cells;
			sourceTree = "<group>";
		};
		15B093E627FFAC6400A54E13 /* Controllers */ = {
			isa = PBXGroup;
			children = (
				15B093EF27FFAC8600A54E13 /* TeamsViewController.swift */,
			);
			path = Controllers;
			sourceTree = "<group>";
		};
		15B093E727FFAC6400A54E13 /* Team */ = {
			isa = PBXGroup;
			children = (
				15B093E827FFAC6400A54E13 /* ViewModels */,
				15B093E927FFAC6400A54E13 /* Models */,
				15B093EA27FFAC6400A54E13 /* Views */,
			);
			path = Team;
			sourceTree = "<group>";
		};
		15B093E827FFAC6400A54E13 /* ViewModels */ = {
			isa = PBXGroup;
			children = (
			);
			path = ViewModels;
			sourceTree = "<group>";
		};
		15B093E927FFAC6400A54E13 /* Models */ = {
			isa = PBXGroup;
			children = (
			);
			path = Models;
			sourceTree = "<group>";
		};
		15B093EA27FFAC6400A54E13 /* Views */ = {
			isa = PBXGroup;
			children = (
				15B0944F27FFB3ED00A54E13 /* StoryBoard */,
				15B093EB27FFAC6400A54E13 /* Cells */,
				15B093EC27FFAC6400A54E13 /* Controllers */,
			);
			path = Views;
			sourceTree = "<group>";
		};
		15B093EB27FFAC6400A54E13 /* Cells */ = {
			isa = PBXGroup;
			children = (
			);
			path = Cells;
			sourceTree = "<group>";
		};
		15B093EC27FFAC6400A54E13 /* Controllers */ = {
			isa = PBXGroup;
			children = (
				15B093F127FFAC8B00A54E13 /* TeamViewController.swift */,
			);
			path = Controllers;
			sourceTree = "<group>";
		};
		15B0944B27FFB31400A54E13 /* Supporting Files */ = {
			isa = PBXGroup;
			children = (
				156B732927FFA07200085E5D /* LaunchScreen.storyboard */,
				156B731E27FFA07100085E5D /* AppDelegate.swift */,
				156B732027FFA07100085E5D /* SceneDelegate.swift */,
				156B732727FFA07200085E5D /* Assets.xcassets */,
				156B732C27FFA07200085E5D /* Info.plist */,
			);
			path = "Supporting Files";
			sourceTree = "<group>";
		};
		15B0944C27FFB36100A54E13 /* StoryBoard */ = {
			isa = PBXGroup;
			children = (
				15B0944D27FFB3A000A54E13 /* Leagues.storyboard */,
			);
			path = StoryBoard;
			sourceTree = "<group>";
		};
		15B0944F27FFB3ED00A54E13 /* StoryBoard */ = {
			isa = PBXGroup;
			children = (
				15B0945127FFB3FF00A54E13 /* Team.storyboard */,
			);
			path = StoryBoard;
			sourceTree = "<group>";
		};
		15B0945027FFB3F700A54E13 /* StoryBoard */ = {
			isa = PBXGroup;
			children = (
				15B0945327FFB40C00A54E13 /* Teams.storyboard */,
			);
			path = StoryBoard;
			sourceTree = "<group>";
		};
		15B0945527FFB55C00A54E13 /* Helpers */ = {
			isa = PBXGroup;
			children = (
				15B0945827FFB5D900A54E13 /* Coordinators */,
				15B094612801A95D00A54E13 /* Constants.swift */,
			);
			path = Helpers;
			sourceTree = "<group>";
		};
		15B0945827FFB5D900A54E13 /* Coordinators */ = {
			isa = PBXGroup;
			children = (
				15B0945627FFB56500A54E13 /* Coordinator.swift */,
				15B0945927FFB5E700A54E13 /* AppCoordinator.swift */,
				15B0945B27FFB6EF00A54E13 /* Views.swift */,
			);
			path = Coordinators;
			sourceTree = "<group>";
		};
		15B094682801ABB800A54E13 /* Networking */ = {
			isa = PBXGroup;
			children = (
				15B094632801A9A800A54E13 /* Reachability.swift */,
				15B094692801ABBF00A54E13 /* ApiManager.swift */,
				15B0946B2801AF7F00A54E13 /* NetworkRequest.swift */,
			);
			path = Networking;
			sourceTree = "<group>";
		};
		15B0946D2801B0CB00A54E13 /* Competitions */ = {
			isa = PBXGroup;
			children = (
				15B0946F2801B0CB00A54E13 /* CompetitionsResponse.swift */,
				15B094712801B0CB00A54E13 /* Competition.swift */,
				15B094702801B0CB00A54E13 /* Area.swift */,
				15B0946E2801B0CB00A54E13 /* CurrentSeason.swift */,
			);
			path = Competitions;
			sourceTree = "<group>";
		};
		A6652D60327244A09F49A3DA /* Frameworks */ = {
			isa = PBXGroup;
			children = (
				46118201982173E768E299E8 /* Pods_MVVM_C.framework */,
				969EDBCF0EB181FD73453AB0 /* Pods_MVVM_C_MVVM_CUITests.framework */,
				4AC4ADFE104EF628063E4BBD /* Pods_MVVM_CTests.framework */,
			);
			name = Frameworks;
			sourceTree = "<group>";
		};
/* End PBXGroup section */

/* Begin PBXNativeTarget section */
		156B731A27FFA07100085E5D /* MVVM-C */ = {
			isa = PBXNativeTarget;
			buildConfigurationList = 156B734527FFA07200085E5D /* Build configuration list for PBXNativeTarget "MVVM-C" */;
			buildPhases = (
				EB5087BE37BE07FDA4A53C1E /* [CP] Check Pods Manifest.lock */,
				156B731727FFA07100085E5D /* Sources */,
				156B731827FFA07100085E5D /* Frameworks */,
				156B731927FFA07100085E5D /* Resources */,
				88A61E6027E34084D25A07B8 /* [CP] Embed Pods Frameworks */,
			);
			buildRules = (
			);
			dependencies = (
			);
			name = "MVVM-C";
			productName = "MVVM-C";
			productReference = 156B731B27FFA07100085E5D /* MVVM-C.app */;
			productType = "com.apple.product-type.application";
		};
		156B733027FFA07200085E5D /* MVVM-CTests */ = {
			isa = PBXNativeTarget;
			buildConfigurationList = 156B734827FFA07200085E5D /* Build configuration list for PBXNativeTarget "MVVM-CTests" */;
			buildPhases = (
				0F9D6468B918EB284B8E7A59 /* [CP] Check Pods Manifest.lock */,
				156B732D27FFA07200085E5D /* Sources */,
				156B732E27FFA07200085E5D /* Frameworks */,
				156B732F27FFA07200085E5D /* Resources */,
			);
			buildRules = (
			);
			dependencies = (
				156B733327FFA07200085E5D /* PBXTargetDependency */,
			);
			name = "MVVM-CTests";
			productName = "MVVM-CTests";
			productReference = 156B733127FFA07200085E5D /* MVVM-CTests.xctest */;
			productType = "com.apple.product-type.bundle.unit-test";
		};
		156B733A27FFA07200085E5D /* MVVM-CUITests */ = {
			isa = PBXNativeTarget;
			buildConfigurationList = 156B734B27FFA07200085E5D /* Build configuration list for PBXNativeTarget "MVVM-CUITests" */;
			buildPhases = (
				7CDF55A676EA0BACA26DE60C /* [CP] Check Pods Manifest.lock */,
				156B733727FFA07200085E5D /* Sources */,
				156B733827FFA07200085E5D /* Frameworks */,
				156B733927FFA07200085E5D /* Resources */,
				32EA653FA989DC130BBC478F /* [CP] Embed Pods Frameworks */,
			);
			buildRules = (
			);
			dependencies = (
				156B733D27FFA07200085E5D /* PBXTargetDependency */,
			);
			name = "MVVM-CUITests";
			productName = "MVVM-CUITests";
			productReference = 156B733B27FFA07200085E5D /* MVVM-CUITests.xctest */;
			productType = "com.apple.product-type.bundle.ui-testing";
		};
/* End PBXNativeTarget section */

/* Begin PBXProject section */
		156B731327FFA07100085E5D /* Project object */ = {
			isa = PBXProject;
			attributes = {
				BuildIndependentTargetsInParallel = 1;
				LastSwiftUpdateCheck = 1330;
				LastUpgradeCheck = 1330;
				TargetAttributes = {
					156B731A27FFA07100085E5D = {
						CreatedOnToolsVersion = 13.3;
					};
					156B733027FFA07200085E5D = {
						CreatedOnToolsVersion = 13.3;
						TestTargetID = 156B731A27FFA07100085E5D;
					};
					156B733A27FFA07200085E5D = {
						CreatedOnToolsVersion = 13.3;
						TestTargetID = 156B731A27FFA07100085E5D;
					};
				};
			};
			buildConfigurationList = 156B731627FFA07100085E5D /* Build configuration list for PBXProject "MVVM-C" */;
			compatibilityVersion = "Xcode 13.0";
			developmentRegion = en;
			hasScannedForEncodings = 0;
			knownRegions = (
				en,
				Base,
			);
			mainGroup = 156B731227FFA07100085E5D;
			productRefGroup = 156B731C27FFA07100085E5D /* Products */;
			projectDirPath = "";
			projectRoot = "";
			targets = (
				156B731A27FFA07100085E5D /* MVVM-C */,
				156B733027FFA07200085E5D /* MVVM-CTests */,
				156B733A27FFA07200085E5D /* MVVM-CUITests */,
			);
		};
/* End PBXProject section */

/* Begin PBXResourcesBuildPhase section */
		156B731927FFA07100085E5D /* Resources */ = {
			isa = PBXResourcesBuildPhase;
			buildActionMask = 2147483647;
			files = (
				15B0945427FFB40C00A54E13 /* Teams.storyboard in Resources */,
				156B732B27FFA07200085E5D /* LaunchScreen.storyboard in Resources */,
				156B732827FFA07200085E5D /* Assets.xcassets in Resources */,
				15B0944E27FFB3A000A54E13 /* Leagues.storyboard in Resources */,
				15B0945227FFB3FF00A54E13 /* Team.storyboard in Resources */,
				15B093F627FFACAA00A54E13 /* LeagueCell.xib in Resources */,
			);
			runOnlyForDeploymentPostprocessing = 0;
		};
		156B732F27FFA07200085E5D /* Resources */ = {
			isa = PBXResourcesBuildPhase;
			buildActionMask = 2147483647;
			files = (
			);
			runOnlyForDeploymentPostprocessing = 0;
		};
		156B733927FFA07200085E5D /* Resources */ = {
			isa = PBXResourcesBuildPhase;
			buildActionMask = 2147483647;
			files = (
			);
			runOnlyForDeploymentPostprocessing = 0;
		};
/* End PBXResourcesBuildPhase section */

/* Begin PBXShellScriptBuildPhase section */
		0F9D6468B918EB284B8E7A59 /* [CP] Check Pods Manifest.lock */ = {
			isa = PBXShellScriptBuildPhase;
			buildActionMask = 2147483647;
			files = (
			);
			inputFileListPaths = (
			);
			inputPaths = (
				"${PODS_PODFILE_DIR_PATH}/Podfile.lock",
				"${PODS_ROOT}/Manifest.lock",
			);
			name = "[CP] Check Pods Manifest.lock";
			outputFileListPaths = (
			);
			outputPaths = (
				"$(DERIVED_FILE_DIR)/Pods-MVVM-CTests-checkManifestLockResult.txt",
			);
			runOnlyForDeploymentPostprocessing = 0;
			shellPath = /bin/sh;
			shellScript = "diff \"${PODS_PODFILE_DIR_PATH}/Podfile.lock\" \"${PODS_ROOT}/Manifest.lock\" > /dev/null\nif [ $? != 0 ] ; then\n    # print error to STDERR\n    echo \"error: The sandbox is not in sync with the Podfile.lock. Run 'pod install' or update your CocoaPods installation.\" >&2\n    exit 1\nfi\n# This output is used by Xcode 'outputs' to avoid re-running this script phase.\necho \"SUCCESS\" > \"${SCRIPT_OUTPUT_FILE_0}\"\n";
			showEnvVarsInLog = 0;
		};
		32EA653FA989DC130BBC478F /* [CP] Embed Pods Frameworks */ = {
			isa = PBXShellScriptBuildPhase;
			buildActionMask = 2147483647;
			files = (
			);
			inputFileListPaths = (
				"${PODS_ROOT}/Target Support Files/Pods-MVVM-C-MVVM-CUITests/Pods-MVVM-C-MVVM-CUITests-frameworks-${CONFIGURATION}-input-files.xcfilelist",
			);
			name = "[CP] Embed Pods Frameworks";
			outputFileListPaths = (
				"${PODS_ROOT}/Target Support Files/Pods-MVVM-C-MVVM-CUITests/Pods-MVVM-C-MVVM-CUITests-frameworks-${CONFIGURATION}-output-files.xcfilelist",
			);
			runOnlyForDeploymentPostprocessing = 0;
			shellPath = /bin/sh;
			shellScript = "\"${PODS_ROOT}/Target Support Files/Pods-MVVM-C-MVVM-CUITests/Pods-MVVM-C-MVVM-CUITests-frameworks.sh\"\n";
			showEnvVarsInLog = 0;
		};
		7CDF55A676EA0BACA26DE60C /* [CP] Check Pods Manifest.lock */ = {
			isa = PBXShellScriptBuildPhase;
			buildActionMask = 2147483647;
			files = (
			);
			inputFileListPaths = (
			);
			inputPaths = (
				"${PODS_PODFILE_DIR_PATH}/Podfile.lock",
				"${PODS_ROOT}/Manifest.lock",
			);
			name = "[CP] Check Pods Manifest.lock";
			outputFileListPaths = (
			);
			outputPaths = (
				"$(DERIVED_FILE_DIR)/Pods-MVVM-C-MVVM-CUITests-checkManifestLockResult.txt",
			);
			runOnlyForDeploymentPostprocessing = 0;
			shellPath = /bin/sh;
			shellScript = "diff \"${PODS_PODFILE_DIR_PATH}/Podfile.lock\" \"${PODS_ROOT}/Manifest.lock\" > /dev/null\nif [ $? != 0 ] ; then\n    # print error to STDERR\n    echo \"error: The sandbox is not in sync with the Podfile.lock. Run 'pod install' or update your CocoaPods installation.\" >&2\n    exit 1\nfi\n# This output is used by Xcode 'outputs' to avoid re-running this script phase.\necho \"SUCCESS\" > \"${SCRIPT_OUTPUT_FILE_0}\"\n";
			showEnvVarsInLog = 0;
		};
		88A61E6027E34084D25A07B8 /* [CP] Embed Pods Frameworks */ = {
			isa = PBXShellScriptBuildPhase;
			buildActionMask = 2147483647;
			files = (
			);
			inputFileListPaths = (
				"${PODS_ROOT}/Target Support Files/Pods-MVVM-C/Pods-MVVM-C-frameworks-${CONFIGURATION}-input-files.xcfilelist",
			);
			name = "[CP] Embed Pods Frameworks";
			outputFileListPaths = (
				"${PODS_ROOT}/Target Support Files/Pods-MVVM-C/Pods-MVVM-C-frameworks-${CONFIGURATION}-output-files.xcfilelist",
			);
			runOnlyForDeploymentPostprocessing = 0;
			shellPath = /bin/sh;
			shellScript = "\"${PODS_ROOT}/Target Support Files/Pods-MVVM-C/Pods-MVVM-C-frameworks.sh\"\n";
			showEnvVarsInLog = 0;
		};
		EB5087BE37BE07FDA4A53C1E /* [CP] Check Pods Manifest.lock */ = {
			isa = PBXShellScriptBuildPhase;
			buildActionMask = 2147483647;
			files = (
			);
			inputFileListPaths = (
			);
			inputPaths = (
				"${PODS_PODFILE_DIR_PATH}/Podfile.lock",
				"${PODS_ROOT}/Manifest.lock",
			);
			name = "[CP] Check Pods Manifest.lock";
			outputFileListPaths = (
			);
			outputPaths = (
				"$(DERIVED_FILE_DIR)/Pods-MVVM-C-checkManifestLockResult.txt",
			);
			runOnlyForDeploymentPostprocessing = 0;
			shellPath = /bin/sh;
			shellScript = "diff \"${PODS_PODFILE_DIR_PATH}/Podfile.lock\" \"${PODS_ROOT}/Manifest.lock\" > /dev/null\nif [ $? != 0 ] ; then\n    # print error to STDERR\n    echo \"error: The sandbox is not in sync with the Podfile.lock. Run 'pod install' or update your CocoaPods installation.\" >&2\n    exit 1\nfi\n# This output is used by Xcode 'outputs' to avoid re-running this script phase.\necho \"SUCCESS\" > \"${SCRIPT_OUTPUT_FILE_0}\"\n";
			showEnvVarsInLog = 0;
		};
/* End PBXShellScriptBuildPhase section */

/* Begin PBXSourcesBuildPhase section */
		156B731727FFA07100085E5D /* Sources */ = {
			isa = PBXSourcesBuildPhase;
			buildActionMask = 2147483647;
			files = (
				15B0946027FFC1E600A54E13 /* LeagueView.swift in Sources */,
				156B731F27FFA07100085E5D /* AppDelegate.swift in Sources */,
				15B093F027FFAC8600A54E13 /* TeamsViewController.swift in Sources */,
				156B732127FFA07100085E5D /* SceneDelegate.swift in Sources */,
				15B0946C2801AF7F00A54E13 /* NetworkRequest.swift in Sources */,
				15B0945E27FFB90D00A54E13 /* LeaguesViewModel.swift in Sources */,
				15B0945C27FFB6EF00A54E13 /* Views.swift in Sources */,
				15B094762801B0CC00A54E13 /* Competition.swift in Sources */,
				15B093EE27FFAC7700A54E13 /* LeaguesViewController.swift in Sources */,
				15B0945A27FFB5E700A54E13 /* AppCoordinator.swift in Sources */,
				15B094742801B0CC00A54E13 /* CompetitionsResponse.swift in Sources */,
				15B093F527FFACAA00A54E13 /* LeagueCell.swift in Sources */,
				15B094732801B0CC00A54E13 /* CurrentSeason.swift in Sources */,
				15B093F227FFAC8B00A54E13 /* TeamViewController.swift in Sources */,
				15B0946A2801ABBF00A54E13 /* ApiManager.swift in Sources */,
				15B0945727FFB56500A54E13 /* Coordinator.swift in Sources */,
				15B094622801A95D00A54E13 /* Constants.swift in Sources */,
				15B094752801B0CC00A54E13 /* Area.swift in Sources */,
				15B094642801A9A800A54E13 /* Reachability.swift in Sources */,
			);
			runOnlyForDeploymentPostprocessing = 0;
		};
		156B732D27FFA07200085E5D /* Sources */ = {
			isa = PBXSourcesBuildPhase;
			buildActionMask = 2147483647;
			files = (
				156B733627FFA07200085E5D /* MVVM_CTests.swift in Sources */,
			);
			runOnlyForDeploymentPostprocessing = 0;
		};
		156B733727FFA07200085E5D /* Sources */ = {
			isa = PBXSourcesBuildPhase;
			buildActionMask = 2147483647;
			files = (
				156B734227FFA07200085E5D /* MVVM_CUITestsLaunchTests.swift in Sources */,
				156B734027FFA07200085E5D /* MVVM_CUITests.swift in Sources */,
			);
			runOnlyForDeploymentPostprocessing = 0;
		};
/* End PBXSourcesBuildPhase section */

/* Begin PBXTargetDependency section */
		156B733327FFA07200085E5D /* PBXTargetDependency */ = {
			isa = PBXTargetDependency;
			target = 156B731A27FFA07100085E5D /* MVVM-C */;
			targetProxy = 156B733227FFA07200085E5D /* PBXContainerItemProxy */;
		};
		156B733D27FFA07200085E5D /* PBXTargetDependency */ = {
			isa = PBXTargetDependency;
			target = 156B731A27FFA07100085E5D /* MVVM-C */;
			targetProxy = 156B733C27FFA07200085E5D /* PBXContainerItemProxy */;
		};
/* End PBXTargetDependency section */

/* Begin PBXVariantGroup section */
		156B732927FFA07200085E5D /* LaunchScreen.storyboard */ = {
			isa = PBXVariantGroup;
			children = (
				156B732A27FFA07200085E5D /* Base */,
			);
			name = LaunchScreen.storyboard;
			sourceTree = "<group>";
		};
/* End PBXVariantGroup section */

/* Begin XCBuildConfiguration section */
		156B734327FFA07200085E5D /* Debug */ = {
			isa = XCBuildConfiguration;
			buildSettings = {
				ALWAYS_SEARCH_USER_PATHS = NO;
				CLANG_ANALYZER_NONNULL = YES;
				CLANG_ANALYZER_NUMBER_OBJECT_CONVERSION = YES_AGGRESSIVE;
				CLANG_CXX_LANGUAGE_STANDARD = "gnu++17";
				CLANG_ENABLE_MODULES = YES;
				CLANG_ENABLE_OBJC_ARC = YES;
				CLANG_ENABLE_OBJC_WEAK = YES;
				CLANG_WARN_BLOCK_CAPTURE_AUTORELEASING = YES;
				CLANG_WARN_BOOL_CONVERSION = YES;
				CLANG_WARN_COMMA = YES;
				CLANG_WARN_CONSTANT_CONVERSION = YES;
				CLANG_WARN_DEPRECATED_OBJC_IMPLEMENTATIONS = YES;
				CLANG_WARN_DIRECT_OBJC_ISA_USAGE = YES_ERROR;
				CLANG_WARN_DOCUMENTATION_COMMENTS = YES;
				CLANG_WARN_EMPTY_BODY = YES;
				CLANG_WARN_ENUM_CONVERSION = YES;
				CLANG_WARN_INFINITE_RECURSION = YES;
				CLANG_WARN_INT_CONVERSION = YES;
				CLANG_WARN_NON_LITERAL_NULL_CONVERSION = YES;
				CLANG_WARN_OBJC_IMPLICIT_RETAIN_SELF = YES;
				CLANG_WARN_OBJC_LITERAL_CONVERSION = YES;
				CLANG_WARN_OBJC_ROOT_CLASS = YES_ERROR;
				CLANG_WARN_QUOTED_INCLUDE_IN_FRAMEWORK_HEADER = YES;
				CLANG_WARN_RANGE_LOOP_ANALYSIS = YES;
				CLANG_WARN_STRICT_PROTOTYPES = YES;
				CLANG_WARN_SUSPICIOUS_MOVE = YES;
				CLANG_WARN_UNGUARDED_AVAILABILITY = YES_AGGRESSIVE;
				CLANG_WARN_UNREACHABLE_CODE = YES;
				CLANG_WARN__DUPLICATE_METHOD_MATCH = YES;
				COPY_PHASE_STRIP = NO;
				DEBUG_INFORMATION_FORMAT = dwarf;
				ENABLE_STRICT_OBJC_MSGSEND = YES;
				ENABLE_TESTABILITY = YES;
				GCC_C_LANGUAGE_STANDARD = gnu11;
				GCC_DYNAMIC_NO_PIC = NO;
				GCC_NO_COMMON_BLOCKS = YES;
				GCC_OPTIMIZATION_LEVEL = 0;
				GCC_PREPROCESSOR_DEFINITIONS = (
					"DEBUG=1",
					"$(inherited)",
				);
				GCC_WARN_64_TO_32_BIT_CONVERSION = YES;
				GCC_WARN_ABOUT_RETURN_TYPE = YES_ERROR;
				GCC_WARN_UNDECLARED_SELECTOR = YES;
				GCC_WARN_UNINITIALIZED_AUTOS = YES_AGGRESSIVE;
				GCC_WARN_UNUSED_FUNCTION = YES;
				GCC_WARN_UNUSED_VARIABLE = YES;
				IPHONEOS_DEPLOYMENT_TARGET = 15.4;
				MTL_ENABLE_DEBUG_INFO = INCLUDE_SOURCE;
				MTL_FAST_MATH = YES;
				ONLY_ACTIVE_ARCH = YES;
				SDKROOT = iphoneos;
				SWIFT_ACTIVE_COMPILATION_CONDITIONS = DEBUG;
				SWIFT_OPTIMIZATION_LEVEL = "-Onone";
			};
			name = Debug;
		};
		156B734427FFA07200085E5D /* Release */ = {
			isa = XCBuildConfiguration;
			buildSettings = {
				ALWAYS_SEARCH_USER_PATHS = NO;
				CLANG_ANALYZER_NONNULL = YES;
				CLANG_ANALYZER_NUMBER_OBJECT_CONVERSION = YES_AGGRESSIVE;
				CLANG_CXX_LANGUAGE_STANDARD = "gnu++17";
				CLANG_ENABLE_MODULES = YES;
				CLANG_ENABLE_OBJC_ARC = YES;
				CLANG_ENABLE_OBJC_WEAK = YES;
				CLANG_WARN_BLOCK_CAPTURE_AUTORELEASING = YES;
				CLANG_WARN_BOOL_CONVERSION = YES;
				CLANG_WARN_COMMA = YES;
				CLANG_WARN_CONSTANT_CONVERSION = YES;
				CLANG_WARN_DEPRECATED_OBJC_IMPLEMENTATIONS = YES;
				CLANG_WARN_DIRECT_OBJC_ISA_USAGE = YES_ERROR;
				CLANG_WARN_DOCUMENTATION_COMMENTS = YES;
				CLANG_WARN_EMPTY_BODY = YES;
				CLANG_WARN_ENUM_CONVERSION = YES;
				CLANG_WARN_INFINITE_RECURSION = YES;
				CLANG_WARN_INT_CONVERSION = YES;
				CLANG_WARN_NON_LITERAL_NULL_CONVERSION = YES;
				CLANG_WARN_OBJC_IMPLICIT_RETAIN_SELF = YES;
				CLANG_WARN_OBJC_LITERAL_CONVERSION = YES;
				CLANG_WARN_OBJC_ROOT_CLASS = YES_ERROR;
				CLANG_WARN_QUOTED_INCLUDE_IN_FRAMEWORK_HEADER = YES;
				CLANG_WARN_RANGE_LOOP_ANALYSIS = YES;
				CLANG_WARN_STRICT_PROTOTYPES = YES;
				CLANG_WARN_SUSPICIOUS_MOVE = YES;
				CLANG_WARN_UNGUARDED_AVAILABILITY = YES_AGGRESSIVE;
				CLANG_WARN_UNREACHABLE_CODE = YES;
				CLANG_WARN__DUPLICATE_METHOD_MATCH = YES;
				COPY_PHASE_STRIP = NO;
				DEBUG_INFORMATION_FORMAT = "dwarf-with-dsym";
				ENABLE_NS_ASSERTIONS = NO;
				ENABLE_STRICT_OBJC_MSGSEND = YES;
				GCC_C_LANGUAGE_STANDARD = gnu11;
				GCC_NO_COMMON_BLOCKS = YES;
				GCC_WARN_64_TO_32_BIT_CONVERSION = YES;
				GCC_WARN_ABOUT_RETURN_TYPE = YES_ERROR;
				GCC_WARN_UNDECLARED_SELECTOR = YES;
				GCC_WARN_UNINITIALIZED_AUTOS = YES_AGGRESSIVE;
				GCC_WARN_UNUSED_FUNCTION = YES;
				GCC_WARN_UNUSED_VARIABLE = YES;
				IPHONEOS_DEPLOYMENT_TARGET = 15.4;
				MTL_ENABLE_DEBUG_INFO = NO;
				MTL_FAST_MATH = YES;
				SDKROOT = iphoneos;
				SWIFT_COMPILATION_MODE = wholemodule;
				SWIFT_OPTIMIZATION_LEVEL = "-O";
				VALIDATE_PRODUCT = YES;
			};
			name = Release;
		};
		156B734627FFA07200085E5D /* Debug */ = {
			isa = XCBuildConfiguration;
			baseConfigurationReference = 604CD811CFBBFA0F724EE09E /* Pods-MVVM-C.debug.xcconfig */;
			buildSettings = {
				ASSETCATALOG_COMPILER_APPICON_NAME = AppIcon;
				ASSETCATALOG_COMPILER_GLOBAL_ACCENT_COLOR_NAME = AccentColor;
				CODE_SIGN_STYLE = Automatic;
				CURRENT_PROJECT_VERSION = 1;
				GENERATE_INFOPLIST_FILE = YES;
				INFOPLIST_FILE = "MVVM-C/Supporting Files/Info.plist";
				INFOPLIST_KEY_UIApplicationSupportsIndirectInputEvents = YES;
				INFOPLIST_KEY_UILaunchStoryboardName = LaunchScreen;
				INFOPLIST_KEY_UIMainStoryboardFile = Leagues;
				INFOPLIST_KEY_UISupportedInterfaceOrientations_iPad = "UIInterfaceOrientationPortrait UIInterfaceOrientationPortraitUpsideDown UIInterfaceOrientationLandscapeLeft UIInterfaceOrientationLandscapeRight";
				INFOPLIST_KEY_UISupportedInterfaceOrientations_iPhone = "UIInterfaceOrientationPortrait UIInterfaceOrientationLandscapeLeft UIInterfaceOrientationLandscapeRight";
				IPHONEOS_DEPLOYMENT_TARGET = 13.0;
				LD_RUNPATH_SEARCH_PATHS = (
					"$(inherited)",
					"@executable_path/Frameworks",
				);
				MARKETING_VERSION = 1.0;
				PRODUCT_BUNDLE_IDENTIFIER = "com.abdurrahman.MVVM-C";
				PRODUCT_NAME = "$(TARGET_NAME)";
				SWIFT_EMIT_LOC_STRINGS = YES;
				SWIFT_VERSION = 5.0;
				TARGETED_DEVICE_FAMILY = "1,2";
			};
			name = Debug;
		};
		156B734727FFA07200085E5D /* Release */ = {
			isa = XCBuildConfiguration;
			baseConfigurationReference = F7F1AE0CD3F8EB7CFD04C3DC /* Pods-MVVM-C.release.xcconfig */;
			buildSettings = {
				ASSETCATALOG_COMPILER_APPICON_NAME = AppIcon;
				ASSETCATALOG_COMPILER_GLOBAL_ACCENT_COLOR_NAME = AccentColor;
				CODE_SIGN_STYLE = Automatic;
				CURRENT_PROJECT_VERSION = 1;
				GENERATE_INFOPLIST_FILE = YES;
				INFOPLIST_FILE = "MVVM-C/Supporting Files/Info.plist";
				INFOPLIST_KEY_UIApplicationSupportsIndirectInputEvents = YES;
				INFOPLIST_KEY_UILaunchStoryboardName = LaunchScreen;
				INFOPLIST_KEY_UIMainStoryboardFile = Leagues;
				INFOPLIST_KEY_UISupportedInterfaceOrientations_iPad = "UIInterfaceOrientationPortrait UIInterfaceOrientationPortraitUpsideDown UIInterfaceOrientationLandscapeLeft UIInterfaceOrientationLandscapeRight";
				INFOPLIST_KEY_UISupportedInterfaceOrientations_iPhone = "UIInterfaceOrientationPortrait UIInterfaceOrientationLandscapeLeft UIInterfaceOrientationLandscapeRight";
				IPHONEOS_DEPLOYMENT_TARGET = 13.0;
				LD_RUNPATH_SEARCH_PATHS = (
					"$(inherited)",
					"@executable_path/Frameworks",
				);
				MARKETING_VERSION = 1.0;
				PRODUCT_BUNDLE_IDENTIFIER = "com.abdurrahman.MVVM-C";
				PRODUCT_NAME = "$(TARGET_NAME)";
				SWIFT_EMIT_LOC_STRINGS = YES;
				SWIFT_VERSION = 5.0;
				TARGETED_DEVICE_FAMILY = "1,2";
			};
			name = Release;
		};
		156B734927FFA07200085E5D /* Debug */ = {
			isa = XCBuildConfiguration;
			baseConfigurationReference = 6F9C44783C6C1C6B8A715CDF /* Pods-MVVM-CTests.debug.xcconfig */;
			buildSettings = {
				ALWAYS_EMBED_SWIFT_STANDARD_LIBRARIES = YES;
				BUNDLE_LOADER = "$(TEST_HOST)";
				CODE_SIGN_STYLE = Automatic;
				CURRENT_PROJECT_VERSION = 1;
				GENERATE_INFOPLIST_FILE = YES;
				IPHONEOS_DEPLOYMENT_TARGET = 15.4;
				MARKETING_VERSION = 1.0;
				PRODUCT_BUNDLE_IDENTIFIER = "com.abdurrahman.MVVM-CTests";
				PRODUCT_NAME = "$(TARGET_NAME)";
				SWIFT_EMIT_LOC_STRINGS = NO;
				SWIFT_VERSION = 5.0;
				TARGETED_DEVICE_FAMILY = "1,2";
				TEST_HOST = "$(BUILT_PRODUCTS_DIR)/MVVM-C.app/MVVM-C";
			};
			name = Debug;
		};
		156B734A27FFA07200085E5D /* Release */ = {
			isa = XCBuildConfiguration;
			baseConfigurationReference = D4D20E41028E40198B27BC57 /* Pods-MVVM-CTests.release.xcconfig */;
			buildSettings = {
				ALWAYS_EMBED_SWIFT_STANDARD_LIBRARIES = YES;
				BUNDLE_LOADER = "$(TEST_HOST)";
				CODE_SIGN_STYLE = Automatic;
				CURRENT_PROJECT_VERSION = 1;
				GENERATE_INFOPLIST_FILE = YES;
				IPHONEOS_DEPLOYMENT_TARGET = 15.4;
				MARKETING_VERSION = 1.0;
				PRODUCT_BUNDLE_IDENTIFIER = "com.abdurrahman.MVVM-CTests";
				PRODUCT_NAME = "$(TARGET_NAME)";
				SWIFT_EMIT_LOC_STRINGS = NO;
				SWIFT_VERSION = 5.0;
				TARGETED_DEVICE_FAMILY = "1,2";
				TEST_HOST = "$(BUILT_PRODUCTS_DIR)/MVVM-C.app/MVVM-C";
			};
			name = Release;
		};
		156B734C27FFA07200085E5D /* Debug */ = {
			isa = XCBuildConfiguration;
			baseConfigurationReference = 417064BBFF54A2727CEA8C04 /* Pods-MVVM-C-MVVM-CUITests.debug.xcconfig */;
			buildSettings = {
				ALWAYS_EMBED_SWIFT_STANDARD_LIBRARIES = YES;
				CODE_SIGN_STYLE = Automatic;
				CURRENT_PROJECT_VERSION = 1;
				GENERATE_INFOPLIST_FILE = YES;
				MARKETING_VERSION = 1.0;
				PRODUCT_BUNDLE_IDENTIFIER = "com.abdurrahman.MVVM-CUITests";
				PRODUCT_NAME = "$(TARGET_NAME)";
				SWIFT_EMIT_LOC_STRINGS = NO;
				SWIFT_VERSION = 5.0;
				TARGETED_DEVICE_FAMILY = "1,2";
				TEST_TARGET_NAME = "MVVM-C";
			};
			name = Debug;
		};
		156B734D27FFA07200085E5D /* Release */ = {
			isa = XCBuildConfiguration;
			baseConfigurationReference = A48FF0EDA1D0821CBF7EC4E3 /* Pods-MVVM-C-MVVM-CUITests.release.xcconfig */;
			buildSettings = {
				ALWAYS_EMBED_SWIFT_STANDARD_LIBRARIES = YES;
				CODE_SIGN_STYLE = Automatic;
				CURRENT_PROJECT_VERSION = 1;
				GENERATE_INFOPLIST_FILE = YES;
				MARKETING_VERSION = 1.0;
				PRODUCT_BUNDLE_IDENTIFIER = "com.abdurrahman.MVVM-CUITests";
				PRODUCT_NAME = "$(TARGET_NAME)";
				SWIFT_EMIT_LOC_STRINGS = NO;
				SWIFT_VERSION = 5.0;
				TARGETED_DEVICE_FAMILY = "1,2";
				TEST_TARGET_NAME = "MVVM-C";
			};
			name = Release;
		};
/* End XCBuildConfiguration section */

/* Begin XCConfigurationList section */
		156B731627FFA07100085E5D /* Build configuration list for PBXProject "MVVM-C" */ = {
			isa = XCConfigurationList;
			buildConfigurations = (
				156B734327FFA07200085E5D /* Debug */,
				156B734427FFA07200085E5D /* Release */,
			);
			defaultConfigurationIsVisible = 0;
			defaultConfigurationName = Release;
		};
		156B734527FFA07200085E5D /* Build configuration list for PBXNativeTarget "MVVM-C" */ = {
			isa = XCConfigurationList;
			buildConfigurations = (
				156B734627FFA07200085E5D /* Debug */,
				156B734727FFA07200085E5D /* Release */,
			);
			defaultConfigurationIsVisible = 0;
			defaultConfigurationName = Release;
		};
		156B734827FFA07200085E5D /* Build configuration list for PBXNativeTarget "MVVM-CTests" */ = {
			isa = XCConfigurationList;
			buildConfigurations = (
				156B734927FFA07200085E5D /* Debug */,
				156B734A27FFA07200085E5D /* Release */,
			);
			defaultConfigurationIsVisible = 0;
			defaultConfigurationName = Release;
		};
		156B734B27FFA07200085E5D /* Build configuration list for PBXNativeTarget "MVVM-CUITests" */ = {
			isa = XCConfigurationList;
			buildConfigurations = (
				156B734C27FFA07200085E5D /* Debug */,
				156B734D27FFA07200085E5D /* Release */,
			);
			defaultConfigurationIsVisible = 0;
			defaultConfigurationName = Release;
		};
/* End XCConfigurationList section */
	};
	rootObject = 156B731327FFA07100085E5D /* Project object */;
}
